
Microsoft Visual Studio Solution File, Format Version 10.00
# Visual Studio 2008
Project("{8BC9CEB8-8B4A-11D0-8D11-00A0C91BC942}") = "GeoMoSAdjust", "GeoMoSAdjust\GeoMoSAdjust.vcproj", "{62A13C30-F8E6-403C-8621-86E4D3BFFC98}"
EndProject
Global
	GlobalSection(SolutionConfigurationPlatforms) = preSolution
		Debug|Win32 = Debug|Win32
		Release|Win32 = Release|Win32
	EndGlobalSection
	GlobalSection(ProjectConfigurationPlatforms) = postSolution
		{62A13C30-F8E6-403C-8621-86E4D3BFFC98}.Debug|Win32.ActiveCfg = Debug|Win32
		{62A13C30-F8E6-403C-8621-86E4D3BFFC98}.Debug|Win32.Build.0 = Debug|Win32
		{62A13C30-F8E6-403C-8621-86E4D3BFFC98}.Release|Win32.ActiveCfg = Release|Win32
		{62A13C30-F8E6-403C-8621-86E4D3BFFC98}.Release|Win32.Build.0 = Release|Win32
	EndGlobalSection
	GlobalSection(SolutionProperties) = preSolution
		HideSolutionNode = FALSE
	EndGlobalSection
EndGlobal
