<?xml version="1.0" encoding="utf-8"?>
<Project ToolsVersion="4.0" xmlns="http://schemas.microsoft.com/developer/msbuild/2003">
  <ItemGroup>
    <Filter Include="GridCtrl_src">
      <UniqueIdentifier>{10c41057-2ba8-4def-a740-20522dfd5736}</UniqueIdentifier>
    </Filter>
    <Filter Include="Header Files">
      <UniqueIdentifier>{93995380-89BD-4b04-88EB-625FBE52EBFB}</UniqueIdentifier>
      <Extensions>h;hpp;hxx;hm;inl;inc;xsd</Extensions>
    </Filter>
    <Filter Include="Resource Files">
      <UniqueIdentifier>{67DA6AB6-F800-4c08-8B7A-83BB121AAD01}</UniqueIdentifier>
      <Extensions>rc;ico;cur;bmp;dlg;rc2;rct;bin;rgs;gif;jpg;jpeg;jpe;resx;tiff;tif;png;wav</Extensions>
    </Filter>
    <Filter Include="Source Files">
      <UniqueIdentifier>{4FC737F1-C7A5-4376-A066-2A32D752A2FF}</UniqueIdentifier>
      <Extensions>cpp;c;cc;cxx;def;odl;idl;hpj;bat;asm;asmx</Extensions>
    </Filter>
  </ItemGroup>
  <ItemGroup>
    <ClInclude Include="..\GridCtrl_src\CellRange.h">
      <Filter>GridCtrl_src</Filter>
    </ClInclude>
    <ClInclude Include="..\GridCtrl_src\GridCell.h">
      <Filter>GridCtrl_src</Filter>
    </ClInclude>
    <ClInclude Include="..\GridCtrl_src\GridCellBase.h">
      <Filter>GridCtrl_src</Filter>
    </ClInclude>
    <ClInclude Include="..\GridCtrl_src\GridCtrl.h">
      <Filter>GridCtrl_src</Filter>
    </ClInclude>
    <ClInclude Include="..\GridCtrl_src\GridDropTarget.h">
      <Filter>GridCtrl_src</Filter>
    </ClInclude>
    <ClInclude Include="..\GridCtrl_src\InPlaceEdit.h">
      <Filter>GridCtrl_src</Filter>
    </ClInclude>
    <ClInclude Include="..\GridCtrl_src\MemDC.h">
      <Filter>GridCtrl_src</Filter>
    </ClInclude>
    <ClInclude Include="..\GridCtrl_src\TitleTip.h">
      <Filter>GridCtrl_src</Filter>
    </ClInclude>
    <ClInclude Include="GridControl.h">
      <Filter>Header Files</Filter>
    </ClInclude>
    <ClInclude Include="GridControlDlg.h">
      <Filter>Header Files</Filter>
    </ClInclude>
    <ClInclude Include="Resource.h">
      <Filter>Header Files</Filter>
    </ClInclude>
    <ClInclude Include="stdafx.h">
      <Filter>Header Files</Filter>
    </ClInclude>
    <ClInclude Include="targetver.h">
      <Filter>Header Files</Filter>
    </ClInclude>
  </ItemGroup>
  <ItemGroup>
    <ClCompile Include="..\GridCtrl_src\GridCell.cpp">
      <Filter>GridCtrl_src</Filter>
    </ClCompile>
    <ClCompile Include="..\GridCtrl_src\GridCellBase.cpp">
      <Filter>GridCtrl_src</Filter>
    </ClCompile>
    <ClCompile Include="..\GridCtrl_src\GridCtrl.cpp">
      <Filter>GridCtrl_src</Filter>
    </ClCompile>
    <ClCompile Include="..\GridCtrl_src\GridDropTarget.cpp">
      <Filter>GridCtrl_src</Filter>
    </ClCompile>
    <ClCompile Include="..\GridCtrl_src\InPlaceEdit.cpp">
      <Filter>GridCtrl_src</Filter>
    </ClCompile>
    <ClCompile Include="..\GridCtrl_src\TitleTip.cpp">
      <Filter>GridCtrl_src</Filter>
    </ClCompile>
    <ClCompile Include="GridControl.cpp">
      <Filter>Source Files</Filter>
    </ClCompile>
    <ClCompile Include="GridControlDlg.cpp">
      <Filter>Source Files</Filter>
    </ClCompile>
    <ClCompile Include="stdafx.cpp">
      <Filter>Source Files</Filter>
    </ClCompile>
  </ItemGroup>
  <ItemGroup>
    <None Include="res\GridControl.ico">
      <Filter>Resource Files</Filter>
    </None>
    <None Include="res\GridControl.rc2">
      <Filter>Resource Files</Filter>
    </None>
    <None Include="ReadMe.txt" />
    <None Include="res\smallico.bmp">
      <Filter>Resource Files</Filter>
    </None>
  </ItemGroup>
  <ItemGroup>
    <ResourceCompile Include="GridControl.rc">
      <Filter>Resource Files</Filter>
    </ResourceCompile>
  </ItemGroup>
</Project>